// !$*UTF8*$!
{
	archiveVersion = 1;
	classes = {
	};
	objectVersion = 77;
	objects = {

/* Begin PBXContainerItemProxy section */
		3ABE05B92F6821860045361F /* PBXContainerItemProxy */ = {
			isa = PBXContainerItemProxy;
			containerPortal = 3ABE059A2F6821840045361F /* Project object */;
			proxyType = 1;
			remoteGlobalIDString = 3ABE05A12F6821840045361F;
			remoteInfo = "ios-combine-mvvm-swift";
		};
		3ABE05C32F6821860045361F /* PBXContainerItemProxy */ = {
			isa = PBXContainerItemProxy;
			containerPortal = 3ABE059A2F6821840045361F /* Project object */;
			proxyType = 1;
			remoteGlobalIDString = 3ABE05A12F6821840045361F;
			remoteInfo = "ios-combine-mvvm-swift";
		};
/* End PBXContainerItemProxy section */

/* Begin PBXFileReference section */
		3ABE05A22F6821840045361F /* ios-combine-mvvm-swift.app */ = {isa = PBXFileReference; explicitFileType = wrapper.application; includeInIndex = 0; path = "ios-combine-mvvm-swift.app"; sourceTree = BUILT_PRODUCTS_DIR; };
		3ABE05B82F6821860045361F /* ios-combine-mvvm-swiftTests.xctest */ = {isa = PBXFileReference; explicitFileType = wrapper.cfbundle; includeInIndex = 0; path = "ios-combine-mvvm-swiftTests.xctest"; sourceTree = BUILT_PRODUCTS_DIR; };
		3ABE05C22F6821860045361F /* ios-combine-mvvm-swiftUITests.xctest */ = {isa = PBXFileReference; explicitFileType = wrapper.cfbundle; includeInIndex = 0; path = "ios-combine-mvvm-swiftUITests.xctest"; sourceTree = BUILT_PRODUCTS_DIR; };
/* End PBXFileReference section */

/* Begin PBXFileSystemSynchronizedBuildFileExceptionSet section */
		3ABE05CA2F6821860045361F /* Exceptions for "ios-combine-mvvm-swift" folder in "ios-combine-mvvm-swift" target */ = {
			isa = PBXFileSystemSynchronizedBuildFileExceptionSet;
			membershipExceptions = (
				Info.plist,
			);
			target = 3ABE05A12F6821840045361F /* ios-combine-mvvm-swift */;
		};
/* End PBXFileSystemSynchronizedBuildFileExceptionSet section */

/* Begin PBXFileSystemSynchronizedRootGroup section */
		3ABE05A42F6821840045361F /* ios-combine-mvvm-swift */ = {
			isa = PBXFileSystemSynchronizedRootGroup;
			exceptions = (
				3ABE05CA2F6821860045361F /* Exceptions for "ios-combine-mvvm-swift" folder in "ios-combine-mvvm-swift" target */,
			);
			path = "ios-combine-mvvm-swift";
			sourceTree = "<group>";
		};
		3ABE05BB2F6821860045361F /* ios-combine-mvvm-swiftTests */ = {
			isa = PBXFileSystemSynchronizedRootGroup;
			path = "ios-combine-mvvm-swiftTests";
			sourceTree = "<group>";
		};
		3ABE05C52F6821860045361F /* ios-combine-mvvm-swiftUITests */ = {
			isa = PBXFileSystemSynchronizedRootGroup;
			path = "ios-combine-mvvm-swiftUITests";
			sourceTree = "<group>";
		};
/* End PBXFileSystemSynchronizedRootGroup section */

/* Begin PBXFrameworksBuildPhase section */
		3ABE059F2F6821840045361F /* Frameworks */ = {
			isa = PBXFrameworksBuildPhase;
			buildActionMask = 2147483647;
			files = (
			);
			runOnlyForDeploymentPostprocessing = 0;
		};
		3ABE05B52F6821860045361F /* Frameworks */ = {
			isa = PBXFrameworksBuildPhase;
			buildActionMask = 2147483647;
			files = (
			);
			runOnlyForDeploymentPostprocessing = 0;
		};
		3ABE05BF2F6821860045361F /* Frameworks */ = {
			isa = PBXFrameworksBuildPhase;
			buildActionMask = 2147483647;
			files = (
			);
			runOnlyForDeploymentPostprocessing = 0;
		};
/* End PBXFrameworksBuildPhase section */

/* Begin PBXGroup section */
		3ABE05992F6821840045361F = {
			isa = PBXGroup;
			children = (
				3ABE05A42F6821840045361F /* ios-combine-mvvm-swift */,
				3ABE05BB2F6821860045361F /* ios-combine-mvvm-swiftTests */,
				3ABE05C52F6821860045361F /* ios-combine-mvvm-swiftUITests */,
				3ABE05A32F6821840045361F /* Products */,
			);
			sourceTree = "<group>";
		};
		3ABE05A32F6821840045361F /* Products */ = {
			isa = PBXGroup;
			children = (
				3ABE05A22F6821840045361F /* ios-combine-mvvm-swift.app */,
				3ABE05B82F6821860045361F /* ios-combine-mvvm-swiftTests.xctest */,
				3ABE05C22F6821860045361F /* ios-combine-mvvm-swiftUITests.xctest */,
			);
			name = Products;
			sourceTree = "<group>";
		};
/* End PBXGroup section */

/* Begin PBXNativeTarget section */
		3ABE05A12F6821840045361F /* ios-combine-mvvm-swift */ = {
			isa = PBXNativeTarget;
			buildConfigurationList = 3ABE05CB2F6821860045361F /* Build configuration list for PBXNativeTarget "ios-combine-mvvm-swift" */;
			buildPhases = (
				3ABE059E2F6821840045361F /* Sources */,
				3ABE059F2F6821840045361F /* Frameworks */,
				3ABE05A02F6821840045361F /* Resources */,
			);
			buildRules = (
			);
			dependencies = (
			);
			fileSystemSynchronizedGroups = (
				3ABE05A42F6821840045361F /* ios-combine-mvvm-swift */,
			);
			name = "ios-combine-mvvm-swift";
			packageProductDependencies = (
			);
			productName = "ios-combine-mvvm-swift";
			productReference = 3ABE05A22F6821840045361F /* ios-combine-mvvm-swift.app */;
			productType = "com.apple.product-type.application";
		};
		3ABE05B72F6821860045361F /* ios-combine-mvvm-swiftTests */ = {
			isa = PBXNativeTarget;
			buildConfigurationList = 3ABE05D02F6821860045361F /* Build configuration list for PBXNativeTarget "ios-combine-mvvm-swiftTests" */;
			buildPhases = (
				3ABE05B42F6821860045361F /* Sources */,
				3ABE05B52F6821860045361F /* Frameworks */,
				3ABE05B62F6821860045361F /* Resources */,
			);
			buildRules = (
			);
			dependencies = (
				3ABE05BA2F6821860045361F /* PBXTargetDependency */,
			);
			fileSystemSynchronizedGroups = (
				3ABE05BB2F6821860045361F /* ios-combine-mvvm-swiftTests */,
			);
			name = "ios-combine-mvvm-swiftTests";
			packageProductDependencies = (
			);
			productName = "ios-combine-mvvm-swiftTests";
			productReference = 3ABE05B82F6821860045361F /* ios-combine-mvvm-swiftTests.xctest */;
			productType = "com.apple.product-type.bundle.unit-test";
		};
		3ABE05C12F6821860045361F /* ios-combine-mvvm-swiftUITests */ = {
			isa = PBXNativeTarget;
			buildConfigurationList = 3ABE05D32F6821860045361F /* Build configuration list for PBXNativeTarget "ios-combine-mvvm-swiftUITests" */;
			buildPhases = (
				3ABE05BE2F6821860045361F /* Sources */,
				3ABE05BF2F6821860045361F /* Frameworks */,
				3ABE05C02F6821860045361F /* Resources */,
			);
			buildRules = (
			);
			dependencies = (
				3ABE05C42F6821860045361F /* PBXTargetDependency */,
			);
			fileSystemSynchronizedGroups = (
				3ABE05C52F6821860045361F /* ios-combine-mvvm-swiftUITests */,
			);
			name = "ios-combine-mvvm-swiftUITests";
			packageProductDependencies = (
			);
			productName = "ios-combine-mvvm-swiftUITests";
			productReference = 3ABE05C22F6821860045361F /* ios-combine-mvvm-swiftUITests.xctest */;
			productType = "com.apple.product-type.bundle.ui-testing";
		};
/* End PBXNativeTarget section */

/* Begin PBXProject section */
		3ABE059A2F6821840045361F /* Project object */ = {
			isa = PBXProject;
			attributes = {
				BuildIndependentTargetsInParallel = 1;
				LastSwiftUpdateCheck = 2600;
				LastUpgradeCheck = 2600;
				TargetAttributes = {
					3ABE05A12F6821840045361F = {
						CreatedOnToolsVersion = 26.0.1;
					};
					3ABE05B72F6821860045361F = {
						CreatedOnToolsVersion = 26.0.1;
						TestTargetID = 3ABE05A12F6821840045361F;
					};
					3ABE05C12F6821860045361F = {
						CreatedOnToolsVersion = 26.0.1;
						TestTargetID = 3ABE05A12F6821840045361F;
					};
				};
			};
			buildConfigurationList = 3ABE059D2F6821840045361F /* Build configuration list for PBXProject "ios-combine-mvvm-swift" */;
			developmentRegion = en;
			hasScannedForEncodings = 0;
			knownRegions = (
				en,
				Base,
			);
			mainGroup = 3ABE05992F6821840045361F;
			minimizedProjectReferenceProxies = 1;
			preferredProjectObjectVersion = 77;
			productRefGroup = 3ABE05A32F6821840045361F /* Products */;
			projectDirPath = "";
			projectRoot = "";
			targets = (
				3ABE05A12F6821840045361F /* ios-combine-mvvm-swift */,
				3ABE05B72F6821860045361F /* ios-combine-mvvm-swiftTests */,
				3ABE05C12F6821860045361F /* ios-combine-mvvm-swiftUITests */,
			);
		};
/* End PBXProject section */

/* Begin PBXResourcesBuildPhase section */
		3ABE05A02F6821840045361F /* Resources */ = {
			isa = PBXResourcesBuildPhase;
			buildActionMask = 2147483647;
			files = (
			);
			runOnlyForDeploymentPostprocessing = 0;
		};
		3ABE05B62F6821860045361F /* Resources */ = {
			isa = PBXResourcesBuildPhase;
			buildActionMask = 2147483647;
			files = (
			);
			runOnlyForDeploymentPostprocessing = 0;
		};
		3ABE05C02F6821860045361F /* Resources */ = {
			isa = PBXResourcesBuildPhase;
			buildActionMask = 2147483647;
			files = (
			);
			runOnlyForDeploymentPostprocessing = 0;
		};
/* End PBXResourcesBuildPhase section */

/* Begin PBXSourcesBuildPhase section */
		3ABE059E2F6821840045361F /* Sources */ = {
			isa = PBXSourcesBuildPhase;
			buildActionMask = 2147483647;
			files = (
			);
			runOnlyForDeploymentPostprocessing = 0;
		};
		3ABE05B42F6821860045361F /* Sources */ = {
			isa = PBXSourcesBuildPhase;
			buildActionMask = 2147483647;
			files = (
			);
			runOnlyForDeploymentPostprocessing = 0;
		};
		3ABE05BE2F6821860045361F /* Sources */ = {
			isa = PBXSourcesBuildPhase;
			buildActionMask = 2147483647;
			files = (
			);
			runOnlyForDeploymentPostprocessing = 0;
		};
/* End PBXSourcesBuildPhase section */

/* Begin PBXTargetDependency section */
		3ABE05BA2F6821860045361F /* PBXTargetDependency */ = {
			isa = PBXTargetDependency;
			target = 3ABE05A12F6821840045361F /* ios-combine-mvvm-swift */;
			targetProxy = 3ABE05B92F6821860045361F /* PBXContainerItemProxy */;
		};
		3ABE05C42F6821860045361F /* PBXTargetDependency */ = {
			isa = PBXTargetDependency;
			target = 3ABE05A12F6821840045361F /* ios-combine-mvvm-swift */;
			targetProxy = 3ABE05C32F6821860045361F /* PBXContainerItemProxy */;
		};
/* End PBXTargetDependency section */

/* Begin XCBuildConfiguration section */
		3ABE05CC2F6821860045361F /* Debug */ = {
			isa = XCBuildConfiguration;
			buildSettings = {
				ASSETCATALOG_COMPILER_APPICON_NAME = AppIcon;
				ASSETCATALOG_COMPILER_GLOBAL_ACCENT_COLOR_NAME = AccentColor;
				CODE_SIGN_STYLE = Automatic;
				CURRENT_PROJECT_VERSION = 1;
				GENERATE_INFOPLIST_FILE = YES;
				INFOPLIST_FILE = "ios-combine-mvvm-swift/Info.plist";
				INFOPLIST_KEY_UIApplicationSupportsIndirectInputEvents = YES;
				INFOPLIST_KEY_UILaunchStoryboardName = LaunchScreen;
				INFOPLIST_KEY_UIMainStoryboardFile = Main;
				INFOPLIST_KEY_UISupportedInterfaceOrientations_iPad = "UIInterfaceOrientationPortrait UIInterfaceOrientationPortraitUpsideDown UIInterfaceOrientationLandscapeLeft UIInterfaceOrientationLandscapeRight";
				INFOPLIST_KEY_UISupportedInterfaceOrientations_iPhone = "UIInterfaceOrientationPortrait UIInterfaceOrientationLandscapeLeft UIInterfaceOrientationLandscapeRight";
				LD_RUNPATH_SEARCH_PATHS = (
					"$(inherited)",
					"@executable_path/Frameworks",
				);
				MARKETING_VERSION = 1.0;
				PRODUCT_BUNDLE_IDENTIFIER = "otaviob.ios-combine-mvvm-swift";
				PRODUCT_NAME = "$(TARGET_NAME)";
				STRING_CATALOG_GENERATE_SYMBOLS = YES;
				SWIFT_APPROACHABLE_CONCURRENCY = YES;
				SWIFT_DEFAULT_ACTOR_ISOLATION = MainActor;
				SWIFT_EMIT_LOC_STRINGS = YES;
				SWIFT_UPCOMING_FEATURE_MEMBER_IMPORT_VISIBILITY = YES;
				SWIFT_VERSION = 5.0;
				TARGETED_DEVICE_FAMILY = "1,2";
			};
			name = Debug;
		};
		3ABE05CD2F6821860045361F /* Release */ = {
			isa = XCBuildConfiguration;
			buildSettings = {
				ASSETCATALOG_COMPILER_APPICON_NAME = AppIcon;
				ASSETCATALOG_COMPILER_GLOBAL_ACCENT_COLOR_NAME = AccentColor;
				CODE_SIGN_STYLE = Automatic;
				CURRENT_PROJECT_VERSION = 1;
				GENERATE_INFOPLIST_FILE = YES;
				INFOPLIST_FILE = "ios-combine-mvvm-swift/Info.plist";
				INFOPLIST_KEY_UIApplicationSupportsIndirectInputEvents = YES;
				INFOPLIST_KEY_UILaunchStoryboardName = LaunchScreen;
				INFOPLIST_KEY_UIMainStoryboardFile = Main;
				INFOPLIST_KEY_UISupportedInterfaceOrientations_iPad = "UIInterfaceOrientationPortrait UIInterfaceOrientationPortraitUpsideDown UIInterfaceOrientationLandscapeLeft UIInterfaceOrientationLandscapeRight";
				INFOPLIST_KEY_UISupportedInterfaceOrientations_iPhone = "UIInterfaceOrientationPortrait UIInterfaceOrientationLandscapeLeft UIInterfaceOrientationLandscapeRight";
				LD_RUNPATH_SEARCH_PATHS = (
					"$(inherited)",
					"@executable_path/Frameworks",
				);
				MARKETING_VERSION = 1.0;
				PRODUCT_BUNDLE_IDENTIFIER = "otaviob.ios-combine-mvvm-swift";
				PRODUCT_NAME = "$(TARGET_NAME)";
				STRING_CATALOG_GENERATE_SYMBOLS = YES;
				SWIFT_APPROACHABLE_CONCURRENCY = YES;
				SWIFT_DEFAULT_ACTOR_ISOLATION = MainActor;
				SWIFT_EMIT_LOC_STRINGS = YES;
				SWIFT_UPCOMING_FEATURE_MEMBER_IMPORT_VISIBILITY = YES;
				SWIFT_VERSION = 5.0;
				TARGETED_DEVICE_FAMILY = "1,2";
			};
			name = Release;
		};
		3ABE05CE2F6821860045361F /* Debug */ = {
			isa = XCBuildConfiguration;
			buildSettings = {
				ALWAYS_SEARCH_USER_PATHS = NO;
				ASSETCATALOG_COMPILER_GENERATE_SWIFT_ASSET_SYMBOL_EXTENSIONS = YES;
				CLANG_ANALYZER_NONNULL = YES;
				CLANG_ANALYZER_NUMBER_OBJECT_CONVERSION = YES_AGGRESSIVE;
				CLANG_CXX_LANGUAGE_STANDARD = "gnu++20";
				CLANG_ENABLE_MODULES = YES;
				CLANG_ENABLE_OBJC_ARC = YES;
				CLANG_ENABLE_OBJC_WEAK = YES;
				CLANG_WARN_BLOCK_CAPTURE_AUTORELEASING = YES;
				CLANG_WARN_BOOL_CONVERSION = YES;
				CLANG_WARN_COMMA = YES;
				CLANG_WARN_CONSTANT_CONVERSION = YES;
				CLANG_WARN_DEPRECATED_OBJC_IMPLEMENTATIONS = YES;
				CLANG_WARN_DIRECT_OBJC_ISA_USAGE = YES_ERROR;
				CLANG_WARN_DOCUMENTATION_COMMENTS = YES;
				CLANG_WARN_EMPTY_BODY = YES;
				CLANG_WARN_ENUM_CONVERSION = YES;
				CLANG_WARN_INFINITE_RECURSION = YES;
				CLANG_WARN_INT_CONVERSION = YES;
				CLANG_WARN_NON_LITERAL_NULL_CONVERSION = YES;
				CLANG_WARN_OBJC_IMPLICIT_RETAIN_SELF = YES;
				CLANG_WARN_OBJC_LITERAL_CONVERSION = YES;
				CLANG_WARN_OBJC_ROOT_CLASS = YES_ERROR;
				CLANG_WARN_QUOTED_INCLUDE_IN_FRAMEWORK_HEADER = YES;
				CLANG_WARN_RANGE_LOOP_ANALYSIS = YES;
				CLANG_WARN_STRICT_PROTOTYPES = YES;
				CLANG_WARN_SUSPICIOUS_MOVE = YES;
				CLANG_WARN_UNGUARDED_AVAILABILITY = YES_AGGRESSIVE;
				CLANG_WARN_UNREACHABLE_CODE = YES;
				CLANG_WARN__DUPLICATE_METHOD_MATCH = YES;
				COPY_PHASE_STRIP = NO;
				DEBUG_INFORMATION_FORMAT = dwarf;
				ENABLE_STRICT_OBJC_MSGSEND = YES;
				ENABLE_TESTABILITY = YES;
				ENABLE_USER_SCRIPT_SANDBOXING = YES;
				GCC_C_LANGUAGE_STANDARD = gnu17;
				GCC_DYNAMIC_NO_PIC = NO;
				GCC_NO_COMMON_BLOCKS = YES;
				GCC_OPTIMIZATION_LEVEL = 0;
				GCC_PREPROCESSOR_DEFINITIONS = (
					"DEBUG=1",
					"$(inherited)",
				);
				GCC_WARN_64_TO_32_BIT_CONVERSION = YES;
				GCC_WARN_ABOUT_RETURN_TYPE = YES_ERROR;
				GCC_WARN_UNDECLARED_SELECTOR = YES;
				GCC_WARN_UNINITIALIZED_AUTOS = YES_AGGRESSIVE;
				GCC_WARN_UNUSED_FUNCTION = YES;
				GCC_WARN_UNUSED_VARIABLE = YES;
				IPHONEOS_DEPLOYMENT_TARGET = 26.0;
				LOCALIZATION_PREFERS_STRING_CATALOGS = YES;
				MTL_ENABLE_DEBUG_INFO = INCLUDE_SOURCE;
				MTL_FAST_MATH = YES;
				ONLY_ACTIVE_ARCH = YES;
				SDKROOT = iphoneos;
				SWIFT_ACTIVE_COMPILATION_CONDITIONS = "DEBUG $(inherited)";
				SWIFT_OPTIMIZATION_LEVEL = "-Onone";
			};
			name = Debug;
		};
		3ABE05CF2F6821860045361F /* Release */ = {
			isa = XCBuildConfiguration;
			buildSettings = {
				ALWAYS_SEARCH_USER_PATHS = NO;
				ASSETCATALOG_COMPILER_GENERATE_SWIFT_ASSET_SYMBOL_EXTENSIONS = YES;
				CLANG_ANALYZER_NONNULL = YES;
				CLANG_ANALYZER_NUMBER_OBJECT_CONVERSION = YES_AGGRESSIVE;
				CLANG_CXX_LANGUAGE_STANDARD = "gnu++20";
				CLANG_ENABLE_MODULES = YES;
				CLANG_ENABLE_OBJC_ARC = YES;
				CLANG_ENABLE_OBJC_WEAK = YES;
				CLANG_WARN_BLOCK_CAPTURE_AUTORELEASING = YES;
				CLANG_WARN_BOOL_CONVERSION = YES;
				CLANG_WARN_COMMA = YES;
				CLANG_WARN_CONSTANT_CONVERSION = YES;
				CLANG_WARN_DEPRECATED_OBJC_IMPLEMENTATIONS = YES;
				CLANG_WARN_DIRECT_OBJC_ISA_USAGE = YES_ERROR;
				CLANG_WARN_DOCUMENTATION_COMMENTS = YES;
				CLANG_WARN_EMPTY_BODY = YES;
				CLANG_WARN_ENUM_CONVERSION = YES;
				CLANG_WARN_INFINITE_RECURSION = YES;
				CLANG_WARN_INT_CONVERSION = YES;
				CLANG_WARN_NON_LITERAL_NULL_CONVERSION = YES;
				CLANG_WARN_OBJC_IMPLICIT_RETAIN_SELF = YES;
				CLANG_WARN_OBJC_LITERAL_CONVERSION = YES;
				CLANG_WARN_OBJC_ROOT_CLASS = YES_ERROR;
				CLANG_WARN_QUOTED_INCLUDE_IN_FRAMEWORK_HEADER = YES;
				CLANG_WARN_RANGE_LOOP_ANALYSIS = YES;
				CLANG_WARN_STRICT_PROTOTYPES = YES;
				CLANG_WARN_SUSPICIOUS_MOVE = YES;
				CLANG_WARN_UNGUARDED_AVAILABILITY = YES_AGGRESSIVE;
				CLANG_WARN_UNREACHABLE_CODE = YES;
				CLANG_WARN__DUPLICATE_METHOD_MATCH = YES;
				COPY_PHASE_STRIP = NO;
				DEBUG_INFORMATION_FORMAT = "dwarf-with-dsym";
				ENABLE_NS_ASSERTIONS = NO;
				ENABLE_STRICT_OBJC_MSGSEND = YES;
				ENABLE_USER_SCRIPT_SANDBOXING = YES;
				GCC_C_LANGUAGE_STANDARD = gnu17;
				GCC_NO_COMMON_BLOCKS = YES;
				GCC_WARN_64_TO_32_BIT_CONVERSION = YES;
				GCC_WARN_ABOUT_RETURN_TYPE = YES_ERROR;
				GCC_WARN_UNDECLARED_SELECTOR = YES;
				GCC_WARN_UNINITIALIZED_AUTOS = YES_AGGRESSIVE;
				GCC_WARN_UNUSED_FUNCTION = YES;
				GCC_WARN_UNUSED_VARIABLE = YES;
				IPHONEOS_DEPLOYMENT_TARGET = 26.0;
				LOCALIZATION_PREFERS_STRING_CATALOGS = YES;
				MTL_ENABLE_DEBUG_INFO = NO;
				MTL_FAST_MATH = YES;
				SDKROOT = iphoneos;
				SWIFT_COMPILATION_MODE = wholemodule;
				VALIDATE_PRODUCT = YES;
			};
			name = Release;
		};
		3ABE05D12F6821860045361F /* Debug */ = {
			isa = XCBuildConfiguration;
			buildSettings = {
				BUNDLE_LOADER = "$(TEST_HOST)";
				CODE_SIGN_STYLE = Automatic;
				CURRENT_PROJECT_VERSION = 1;
				GENERATE_INFOPLIST_FILE = YES;
				IPHONEOS_DEPLOYMENT_TARGET = 26.0;
				MARKETING_VERSION = 1.0;
				PRODUCT_BUNDLE_IDENTIFIER = "otaviob.ios-combine-mvvm-swiftTests";
				PRODUCT_NAME = "$(TARGET_NAME)";
				STRING_CATALOG_GENERATE_SYMBOLS = NO;
				SWIFT_APPROACHABLE_CONCURRENCY = YES;
				SWIFT_EMIT_LOC_STRINGS = NO;
				SWIFT_UPCOMING_FEATURE_MEMBER_IMPORT_VISIBILITY = YES;
				SWIFT_VERSION = 5.0;
				TARGETED_DEVICE_FAMILY = "1,2";
				TEST_HOST = "$(BUILT_PRODUCTS_DIR)/ios-combine-mvvm-swift.app/$(BUNDLE_EXECUTABLE_FOLDER_PATH)/ios-combine-mvvm-swift";
			};
			name = Debug;
		};
		3ABE05D22F6821860045361F /* Release */ = {
			isa = XCBuildConfiguration;
			buildSettings = {
				BUNDLE_LOADER = "$(TEST_HOST)";
				CODE_SIGN_STYLE = Automatic;
				CURRENT_PROJECT_VERSION = 1;
				GENERATE_INFOPLIST_FILE = YES;
				IPHONEOS_DEPLOYMENT_TARGET = 26.0;
				MARKETING_VERSION = 1.0;
				PRODUCT_BUNDLE_IDENTIFIER = "otaviob.ios-combine-mvvm-swiftTests";
				PRODUCT_NAME = "$(TARGET_NAME)";
				STRING_CATALOG_GENERATE_SYMBOLS = NO;
				SWIFT_APPROACHABLE_CONCURRENCY = YES;
				SWIFT_EMIT_LOC_STRINGS = NO;
				SWIFT_UPCOMING_FEATURE_MEMBER_IMPORT_VISIBILITY = YES;
				SWIFT_VERSION = 5.0;
				TARGETED_DEVICE_FAMILY = "1,2";
				TEST_HOST = "$(BUILT_PRODUCTS_DIR)/ios-combine-mvvm-swift.app/$(BUNDLE_EXECUTABLE_FOLDER_PATH)/ios-combine-mvvm-swift";
			};
			name = Release;
		};
		3ABE05D42F6821860045361F /* Debug */ = {
			isa = XCBuildConfiguration;
			buildSettings = {
				CODE_SIGN_STYLE = Automatic;
				CURRENT_PROJECT_VERSION = 1;
				GENERATE_INFOPLIST_FILE = YES;
				MARKETING_VERSION = 1.0;
				PRODUCT_BUNDLE_IDENTIFIER = "otaviob.ios-combine-mvvm-swiftUITests";
				PRODUCT_NAME = "$(TARGET_NAME)";
				STRING_CATALOG_GENERATE_SYMBOLS = NO;
				SWIFT_APPROACHABLE_CONCURRENCY = YES;
				SWIFT_EMIT_LOC_STRINGS = NO;
				SWIFT_UPCOMING_FEATURE_MEMBER_IMPORT_VISIBILITY = YES;
				SWIFT_VERSION = 5.0;
				TARGETED_DEVICE_FAMILY = "1,2";
				TEST_TARGET_NAME = "ios-combine-mvvm-swift";
			};
			name = Debug;
		};
		3ABE05D52F6821860045361F /* Release */ = {
			isa = XCBuildConfiguration;
			buildSettings = {
				CODE_SIGN_STYLE = Automatic;
				CURRENT_PROJECT_VERSION = 1;
				GENERATE_INFOPLIST_FILE = YES;
				MARKETING_VERSION = 1.0;
				PRODUCT_BUNDLE_IDENTIFIER = "otaviob.ios-combine-mvvm-swiftUITests";
				PRODUCT_NAME = "$(TARGET_NAME)";
				STRING_CATALOG_GENERATE_SYMBOLS = NO;
				SWIFT_APPROACHABLE_CONCURRENCY = YES;
				SWIFT_EMIT_LOC_STRINGS = NO;
				SWIFT_UPCOMING_FEATURE_MEMBER_IMPORT_VISIBILITY = YES;
				SWIFT_VERSION = 5.0;
				TARGETED_DEVICE_FAMILY = "1,2";
				TEST_TARGET_NAME = "ios-combine-mvvm-swift";
			};
			name = Release;
		};
/* End XCBuildConfiguration section */

/* Begin XCConfigurationList section */
		3ABE059D2F6821840045361F /* Build configuration list for PBXProject "ios-combine-mvvm-swift" */ = {
			isa = XCConfigurationList;
			buildConfigurations = (
				3ABE05CE2F6821860045361F /* Debug */,
				3ABE05CF2F6821860045361F /* Release */,
			);
			defaultConfigurationIsVisible = 0;
			defaultConfigurationName = Release;
		};
		3ABE05CB2F6821860045361F /* Build configuration list for PBXNativeTarget "ios-combine-mvvm-swift" */ = {
			isa = XCConfigurationList;
			buildConfigurations = (
				3ABE05CC2F6821860045361F /* Debug */,
				3ABE05CD2F6821860045361F /* Release */,
			);
			defaultConfigurationIsVisible = 0;
			defaultConfigurationName = Release;
		};
		3ABE05D02F6821860045361F /* Build configuration list for PBXNativeTarget "ios-combine-mvvm-swiftTests" */ = {
			isa = XCConfigurationList;
			buildConfigurations = (
				3ABE05D12F6821860045361F /* Debug */,
				3ABE05D22F6821860045361F /* Release */,
			);
			defaultConfigurationIsVisible = 0;
			defaultConfigurationName = Release;
		};
		3ABE05D32F6821860045361F /* Build configuration list for PBXNativeTarget "ios-combine-mvvm-swiftUITests" */ = {
			isa = XCConfigurationList;
			buildConfigurations = (
				3ABE05D42F6821860045361F /* Debug */,
				3ABE05D52F6821860045361F /* Release */,
			);
			defaultConfigurationIsVisible = 0;
			defaultConfigurationName = Release;
		};
/* End XCConfigurationList section */
	};
	rootObject = 3ABE059A2F6821840045361F /* Project object */;
}
